
Microsoft Visual Studio Solution File, Format Version 12.00
# Visual Studio Version 18
VisualStudioVersion = 18.0.11222.15
MinimumVisualStudioVersion = 10.0.40219.1
Project("{FAE04EC0-301F-11D3-BF4B-00C04F79EFBC}") = "JoinFS", "JoinFS\JoinFS.csproj", "{91153E12-DEC1-1343-F4BF-108E45E61261}"
EndProject
Project("{2150E333-8FDC-42A3-9474-1A3956D46DE8}") = "Installers", "Installers", "{84FCEB74-B8B7-4AA4-A4C5-38CF13AEDC2D}"
	ProjectSection(SolutionItems) = preProject
		JoinFS\Installer\Harvest.wxi = JoinFS\Installer\Harvest.wxi
		JoinFS\Installer\JoinFS.wixproj = JoinFS\Installer\JoinFS.wixproj
		JoinFS\Installer\Product.wxs = JoinFS\Installer\Product.wxs
	EndProjectSection
EndProject
Global
	GlobalSection(SolutionConfigurationPlatforms) = preSolution
		CONSOLE|x64 = CONSOLE|x64
		CONSOLE|x86 = CONSOLE|x86
		CONSOLE-Debug|x64 = CONSOLE-Debug|x64
		CONSOLE-Debug|x86 = CONSOLE-Debug|x86
		FS2020|x64 = FS2020|x64
		FS2020|x86 = FS2020|x86
		FS2020-Debug|x64 = FS2020-Debug|x64
		FS2020-Debug|x86 = FS2020-Debug|x86
		FS2024|x64 = FS2024|x64
		FS2024|x86 = FS2024|x86
		FS2024-Debug|x64 = FS2024-Debug|x64
		FS2024-Debug|x86 = FS2024-Debug|x86
		FSX|x64 = FSX|x64
		FSX|x86 = FSX|x86
		FSX-Debug|x64 = FSX-Debug|x64
		FSX-Debug|x86 = FSX-Debug|x86
		P3D|x64 = P3D|x64
		P3D|x86 = P3D|x86
		P3D-Debug|x64 = P3D-Debug|x64
		P3D-Debug|x86 = P3D-Debug|x86
		XPLANE|x64 = XPLANE|x64
		XPLANE|x86 = XPLANE|x86
		XPLANE-Debug|x64 = XPLANE-Debug|x64
		XPLANE-Debug|x86 = XPLANE-Debug|x86
	EndGlobalSection
	GlobalSection(ProjectConfigurationPlatforms) = postSolution
		{91153E12-DEC1-1343-F4BF-108E45E61261}.CONSOLE|x64.ActiveCfg = CONSOLE|x64
		{91153E12-DEC1-1343-F4BF-108E45E61261}.CONSOLE|x64.Build.0 = CONSOLE|x64
		{91153E12-DEC1-1343-F4BF-108E45E61261}.CONSOLE|x86.ActiveCfg = CONSOLE|x86
		{91153E12-DEC1-1343-F4BF-108E45E61261}.CONSOLE-Debug|x64.ActiveCfg = CONSOLE-Debug|x64
		{91153E12-DEC1-1343-F4BF-108E45E61261}.CONSOLE-Debug|x64.Build.0 = CONSOLE-Debug|x64
		{91153E12-DEC1-1343-F4BF-108E45E61261}.CONSOLE-Debug|x86.ActiveCfg = CONSOLE-Debug|x86
		{91153E12-DEC1-1343-F4BF-108E45E61261}.FS2020|x64.ActiveCfg = FS2020|x64
		{91153E12-DEC1-1343-F4BF-108E45E61261}.FS2020|x64.Build.0 = FS2020|x64
		{91153E12-DEC1-1343-F4BF-108E45E61261}.FS2020|x86.ActiveCfg = FS2020|x86
		{91153E12-DEC1-1343-F4BF-108E45E61261}.FS2020-Debug|x64.ActiveCfg = FS2020-Debug|x64
		{91153E12-DEC1-1343-F4BF-108E45E61261}.FS2020-Debug|x64.Build.0 = FS2020-Debug|x64
		{91153E12-DEC1-1343-F4BF-108E45E61261}.FS2020-Debug|x86.ActiveCfg = FS2020-Debug|x86
		{91153E12-DEC1-1343-F4BF-108E45E61261}.FS2024|x64.ActiveCfg = FS2024|x64
		{91153E12-DEC1-1343-F4BF-108E45E61261}.FS2024|x64.Build.0 = FS2024|x64
		{91153E12-DEC1-1343-F4BF-108E45E61261}.FS2024|x86.ActiveCfg = FS2024|x86
		{91153E12-DEC1-1343-F4BF-108E45E61261}.FS2024-Debug|x64.ActiveCfg = FS2024-Debug|x64
		{91153E12-DEC1-1343-F4BF-108E45E61261}.FS2024-Debug|x64.Build.0 = FS2024-Debug|x64
		{91153E12-DEC1-1343-F4BF-108E45E61261}.FS2024-Debug|x86.ActiveCfg = FS2024-Debug|x86
		{91153E12-DEC1-1343-F4BF-108E45E61261}.FSX|x64.ActiveCfg = FSX|x86
		{91153E12-DEC1-1343-F4BF-108E45E61261}.FSX|x86.ActiveCfg = FSX|x86
		{91153E12-DEC1-1343-F4BF-108E45E61261}.FSX|x86.Build.0 = FSX|x86
		{91153E12-DEC1-1343-F4BF-108E45E61261}.FSX-Debug|x64.ActiveCfg = FSX-Debug|x86
		{91153E12-DEC1-1343-F4BF-108E45E61261}.FSX-Debug|x86.ActiveCfg = FSX-Debug|x86
		{91153E12-DEC1-1343-F4BF-108E45E61261}.FSX-Debug|x86.Build.0 = FSX-Debug|x86
		{91153E12-DEC1-1343-F4BF-108E45E61261}.P3D|x64.ActiveCfg = FSX|x86
		{91153E12-DEC1-1343-F4BF-108E45E61261}.P3D|x86.ActiveCfg = P3D|x86
		{91153E12-DEC1-1343-F4BF-108E45E61261}.P3D|x86.Build.0 = P3D|x86
		{91153E12-DEC1-1343-F4BF-108E45E61261}.P3D-Debug|x64.ActiveCfg = FSX-Debug|x86
		{91153E12-DEC1-1343-F4BF-108E45E61261}.P3D-Debug|x86.ActiveCfg = FSX-Debug|x86
		{91153E12-DEC1-1343-F4BF-108E45E61261}.P3D-Debug|x86.Build.0 = FSX-Debug|x86
		{91153E12-DEC1-1343-F4BF-108E45E61261}.XPLANE|x64.ActiveCfg = XPLANE|x64
		{91153E12-DEC1-1343-F4BF-108E45E61261}.XPLANE|x64.Build.0 = XPLANE|x64
		{91153E12-DEC1-1343-F4BF-108E45E61261}.XPLANE|x86.ActiveCfg = XPLANE|x86
		{91153E12-DEC1-1343-F4BF-108E45E61261}.XPLANE-Debug|x64.ActiveCfg = XPLANE-Debug|x64
		{91153E12-DEC1-1343-F4BF-108E45E61261}.XPLANE-Debug|x64.Build.0 = XPLANE-Debug|x64
		{91153E12-DEC1-1343-F4BF-108E45E61261}.XPLANE-Debug|x86.ActiveCfg = XPLANE-Debug|x86
	EndGlobalSection
	GlobalSection(SolutionProperties) = preSolution
		HideSolutionNode = FALSE
	EndGlobalSection
	GlobalSection(ExtensibilityGlobals) = postSolution
		SolutionGuid = {3BEBE5D9-15D5-4FC7-94D4-775CC186DE23}
	EndGlobalSection
EndGlobal
