
Microsoft Visual Studio Solution File, Format Version 12.00
# Visual Studio Version 18
VisualStudioVersion = 18.0.11222.15 d18.0
MinimumVisualStudioVersion = 10.0.40219.1
Project("{FAE04EC0-301F-11D3-BF4B-00C04F79EFBC}") = "JoinFS-FS2020", "JoinFS-FS2020.csproj", "{E67B2033-4D3F-4F15-8C5C-B2D3910F8842}"
EndProject
Project("{FAE04EC0-301F-11D3-BF4B-00C04F79EFBC}") = "JoinFS-FSX", "JoinFS-FSX.csproj", "{9E20D839-D2C7-46FC-B6DB-75759C3BAF6D}"
EndProject
Project("{FAE04EC0-301F-11D3-BF4B-00C04F79EFBC}") = "JoinFS-XPLANE", "JoinFS-XPLANE.csproj", "{8755A336-E832-4F7C-92DF-975B80828E6D}"
EndProject
Project("{FAE04EC0-301F-11D3-BF4B-00C04F79EFBC}") = "JoinFS-P3D", "JoinFS-P3D.csproj", "{5CFE1806-1C1A-4B9E-AD16-7A07018D7659}"
EndProject
Project("{FAE04EC0-301F-11D3-BF4B-00C04F79EFBC}") = "JoinFS-FS2024", "JoinFS-FS2024.csproj", "{ADB6858F-B575-496B-8EFF-3859E3F855BE}"
EndProject
Project("{54435603-DBB4-11D2-8724-00A0C9A8B90C}") = "Setup-FS2024", "FS2024\Setup-FS2024\Setup-FS2024.vdproj", "{03D3B96A-2866-45ED-A8D5-5A226FB8D4A8}"
EndProject
Project("{54435603-DBB4-11D2-8724-00A0C9A8B90C}") = "Setup-FS2020", "FS2020\Setup-FS2020\Setup-FS2020.vdproj", "{633C5EEF-00A9-4B34-AE86-4EDBF24854EE}"
EndProject
Project("{54435603-DBB4-11D2-8724-00A0C9A8B90C}") = "Setup-P3D", "P3D\Setup-P3D\Setup-P3D.vdproj", "{667B6356-AE06-0358-7CE4-A74377039523}"
EndProject
Global
	GlobalSection(SolutionConfigurationPlatforms) = preSolution
		Debug|x64 = Debug|x64
		Release|x64 = Release|x64
	EndGlobalSection
	GlobalSection(ProjectConfigurationPlatforms) = postSolution
		{E67B2033-4D3F-4F15-8C5C-B2D3910F8842}.Debug|x64.ActiveCfg = Debug|x64
		{E67B2033-4D3F-4F15-8C5C-B2D3910F8842}.Debug|x64.Build.0 = Debug|x64
		{E67B2033-4D3F-4F15-8C5C-B2D3910F8842}.Release|x64.ActiveCfg = Release|x64
		{E67B2033-4D3F-4F15-8C5C-B2D3910F8842}.Release|x64.Build.0 = Release|x64
		{9E20D839-D2C7-46FC-B6DB-75759C3BAF6D}.Debug|x64.ActiveCfg = Debug|x64
		{9E20D839-D2C7-46FC-B6DB-75759C3BAF6D}.Debug|x64.Build.0 = Debug|x64
		{9E20D839-D2C7-46FC-B6DB-75759C3BAF6D}.Release|x64.ActiveCfg = Release|x64
		{9E20D839-D2C7-46FC-B6DB-75759C3BAF6D}.Release|x64.Build.0 = Release|x64
		{8755A336-E832-4F7C-92DF-975B80828E6D}.Debug|x64.ActiveCfg = Debug|x64
		{8755A336-E832-4F7C-92DF-975B80828E6D}.Release|x64.ActiveCfg = Release|x64
		{5CFE1806-1C1A-4B9E-AD16-7A07018D7659}.Debug|x64.ActiveCfg = Debug|x86
		{5CFE1806-1C1A-4B9E-AD16-7A07018D7659}.Debug|x64.Build.0 = Debug|x86
		{5CFE1806-1C1A-4B9E-AD16-7A07018D7659}.Release|x64.ActiveCfg = Release|x86
		{5CFE1806-1C1A-4B9E-AD16-7A07018D7659}.Release|x64.Build.0 = Release|x86
		{ADB6858F-B575-496B-8EFF-3859E3F855BE}.Debug|x64.ActiveCfg = Debug|x64
		{ADB6858F-B575-496B-8EFF-3859E3F855BE}.Debug|x64.Build.0 = Debug|x64
		{ADB6858F-B575-496B-8EFF-3859E3F855BE}.Release|x64.ActiveCfg = Release|x64
		{ADB6858F-B575-496B-8EFF-3859E3F855BE}.Release|x64.Build.0 = Release|x64
		{03D3B96A-2866-45ED-A8D5-5A226FB8D4A8}.Debug|x64.ActiveCfg = Debug
		{03D3B96A-2866-45ED-A8D5-5A226FB8D4A8}.Release|x64.ActiveCfg = Release
		{633C5EEF-00A9-4B34-AE86-4EDBF24854EE}.Debug|x64.ActiveCfg = Debug
		{633C5EEF-00A9-4B34-AE86-4EDBF24854EE}.Release|x64.ActiveCfg = Release
		{667B6356-AE06-0358-7CE4-A74377039523}.Debug|x64.ActiveCfg = Debug
		{667B6356-AE06-0358-7CE4-A74377039523}.Release|x64.ActiveCfg = Release
	EndGlobalSection
	GlobalSection(SolutionProperties) = preSolution
		HideSolutionNode = FALSE
	EndGlobalSection
	GlobalSection(ExtensibilityGlobals) = postSolution
		SolutionGuid = {84B3925E-4100-48C8-80BE-B214CC0421C8}
	EndGlobalSection
EndGlobal
