
Microsoft Visual Studio Solution File, Format Version 12.00
# Visual Studio Version 18
VisualStudioVersion = 18.0.11222.15
MinimumVisualStudioVersion = 10.0.40219.1
Project("{FAE04EC0-301F-11D3-BF4B-00C04F79EFBC}") = "JoinFS-CONSOLE", "JoinFS-CONSOLE\JoinFS-CONSOLE.csproj", "{12521C23-A300-7372-3333-A4E4E4C25435}"
EndProject
Project("{D954291E-2A0B-460D-934E-DC6B0785DB48}") = "JoinFS-Common", "JoinFS-Common\JoinFS-Common.shproj", "{76C788E8-E07F-411C-A053-E3ED2C276786}"
EndProject
Global
	GlobalSection(SolutionConfigurationPlatforms) = preSolution
		Debug|Any CPU = Debug|Any CPU
		Release|Any CPU = Release|Any CPU
	EndGlobalSection
	GlobalSection(ProjectConfigurationPlatforms) = postSolution
		{12521C23-A300-7372-3333-A4E4E4C25435}.Debug|Any CPU.ActiveCfg = Debug|Any CPU
		{12521C23-A300-7372-3333-A4E4E4C25435}.Debug|Any CPU.Build.0 = Debug|Any CPU
		{12521C23-A300-7372-3333-A4E4E4C25435}.Release|Any CPU.ActiveCfg = Release|Any CPU
		{12521C23-A300-7372-3333-A4E4E4C25435}.Release|Any CPU.Build.0 = Release|Any CPU
	EndGlobalSection
	GlobalSection(SolutionProperties) = preSolution
		HideSolutionNode = FALSE
	EndGlobalSection
	GlobalSection(ExtensibilityGlobals) = postSolution
		SolutionGuid = {7099191D-345D-4388-8B40-AAD7DEDC0796}
	EndGlobalSection
	GlobalSection(SharedMSBuildProjectFiles) = preSolution
		JoinFS-Common\JoinFS-Common.projitems*{12521c23-a300-7372-3333-a4e4e4c25435}*SharedItemsImports = 5
		JoinFS-Common\JoinFS-Common.projitems*{76c788e8-e07f-411c-a053-e3ed2c276786}*SharedItemsImports = 13
	EndGlobalSection
EndGlobal
